
Microsoft Visual Studio Solution File, Format Version 12.00
# Visual Studio Version 17
VisualStudioVersion = 17.8.34330.188
MinimumVisualStudioVersion = 10.0.40219.1
Project("{FAE04EC0-301F-11D3-BF4B-00C04F79EFBC}") = "MartineKart", "MartineKart\MartineKart.csproj", "{3327E4C3-2A5A-43A1-A53A-A3BB0AF68B12}"
	ProjectSection(ProjectDependencies) = postProject
		{C65446B8-EFFA-4448-BA61-53E844F1265B} = {C65446B8-EFFA-4448-BA61-53E844F1265B}
	EndProjectSection
EndProject
Project("{FAE04EC0-301F-11D3-BF4B-00C04F79EFBC}") = "MartineKart.Models", "MartineKart.Models\MartineKart.Models.csproj", "{C65446B8-EFFA-4448-BA61-53E844F1265B}"
EndProject
Global
	GlobalSection(SolutionConfigurationPlatforms) = preSolution
		Debug|Any CPU = Debug|Any CPU
		Release|Any CPU = Release|Any CPU
	EndGlobalSection
	GlobalSection(ProjectConfigurationPlatforms) = postSolution
		{3327E4C3-2A5A-43A1-A53A-A3BB0AF68B12}.Debug|Any CPU.ActiveCfg = Debug|Any CPU
		{3327E4C3-2A5A-43A1-A53A-A3BB0AF68B12}.Debug|Any CPU.Build.0 = Debug|Any CPU
		{3327E4C3-2A5A-43A1-A53A-A3BB0AF68B12}.Release|Any CPU.ActiveCfg = Release|Any CPU
		{3327E4C3-2A5A-43A1-A53A-A3BB0AF68B12}.Release|Any CPU.Build.0 = Release|Any CPU
		{C65446B8-EFFA-4448-BA61-53E844F1265B}.Debug|Any CPU.ActiveCfg = Debug|Any CPU
		{C65446B8-EFFA-4448-BA61-53E844F1265B}.Debug|Any CPU.Build.0 = Debug|Any CPU
		{C65446B8-EFFA-4448-BA61-53E844F1265B}.Release|Any CPU.ActiveCfg = Release|Any CPU
		{C65446B8-EFFA-4448-BA61-53E844F1265B}.Release|Any CPU.Build.0 = Release|Any CPU
	EndGlobalSection
	GlobalSection(SolutionProperties) = preSolution
		HideSolutionNode = FALSE
	EndGlobalSection
	GlobalSection(ExtensibilityGlobals) = postSolution
		SolutionGuid = {D252B648-399F-4DF8-8549-806D2E08CEDD}
	EndGlobalSection
EndGlobal
